
Microsoft Visual Studio Solution File, Format Version 12.00
# Visual Studio Version 16
VisualStudioVersion = 16.0.31402.337
MinimumVisualStudioVersion = 10.0.40219.1
Project("{9A19103F-16F7-4668-BE54-9A1E7A4F7556}") = "PK.Api", "PK.Api\PK.Api.csproj", "{2D1F6815-744F-45C1-8568-4917474EA436}"
EndProject
Project("{9A19103F-16F7-4668-BE54-9A1E7A4F7556}") = "PK.DataAccess", "PK.DataAccess\PK.DataAccess.csproj", "{ADC2FC94-3062-403A-8C12-E015D5040E3C}"
EndProject
Project("{9A19103F-16F7-4668-BE54-9A1E7A4F7556}") = "PK.Common", "PK.Common\PK.Common.csproj", "{073B58D8-CD8E-48AA-B4AB-B1F6CB64C3A4}"
EndProject
Project("{9A19103F-16F7-4668-BE54-9A1E7A4F7556}") = "PK.Core", "PK.Core\PK.Core.csproj", "{C5B72E9B-2EFB-4C7C-BD3B-C16832DEBC99}"
EndProject
Project("{FAE04EC0-301F-11D3-BF4B-00C04F79EFBC}") = "PK.UnitTests", "PK.UnitTests\PK.UnitTests.csproj", "{7E512723-EDAD-47A4-8352-E60B7EA71CD5}"
EndProject
Project("{2150E333-8FDC-42A3-9474-1A3956D46DE8}") = "01.Presentation", "01.Presentation", "{B77C2709-C32E-4FB7-82F2-08FD46B82880}"
EndProject
Project("{2150E333-8FDC-42A3-9474-1A3956D46DE8}") = "02.Core", "02.Core", "{1D2465B6-E576-4C2E-ABB2-2D6D6A537593}"
EndProject
Project("{2150E333-8FDC-42A3-9474-1A3956D46DE8}") = "03.Data", "03.Data", "{D8E16B06-7871-4A8F-9EAE-45EC449E4BEB}"
EndProject
Project("{2150E333-8FDC-42A3-9474-1A3956D46DE8}") = "04.Common", "04.Common", "{644A3B1A-23A8-4781-ADEC-5613A22B6846}"
EndProject
Project("{2150E333-8FDC-42A3-9474-1A3956D46DE8}") = "05.Tests", "05.Tests", "{CEA1519E-D224-4277-9A78-3696B4466914}"
EndProject
Global
	GlobalSection(SolutionConfigurationPlatforms) = preSolution
		Debug|Any CPU = Debug|Any CPU
		Release|Any CPU = Release|Any CPU
	EndGlobalSection
	GlobalSection(ProjectConfigurationPlatforms) = postSolution
		{2D1F6815-744F-45C1-8568-4917474EA436}.Debug|Any CPU.ActiveCfg = Debug|Any CPU
		{2D1F6815-744F-45C1-8568-4917474EA436}.Debug|Any CPU.Build.0 = Debug|Any CPU
		{2D1F6815-744F-45C1-8568-4917474EA436}.Release|Any CPU.ActiveCfg = Release|Any CPU
		{2D1F6815-744F-45C1-8568-4917474EA436}.Release|Any CPU.Build.0 = Release|Any CPU
		{ADC2FC94-3062-403A-8C12-E015D5040E3C}.Debug|Any CPU.ActiveCfg = Debug|Any CPU
		{ADC2FC94-3062-403A-8C12-E015D5040E3C}.Debug|Any CPU.Build.0 = Debug|Any CPU
		{ADC2FC94-3062-403A-8C12-E015D5040E3C}.Release|Any CPU.ActiveCfg = Release|Any CPU
		{ADC2FC94-3062-403A-8C12-E015D5040E3C}.Release|Any CPU.Build.0 = Release|Any CPU
		{073B58D8-CD8E-48AA-B4AB-B1F6CB64C3A4}.Debug|Any CPU.ActiveCfg = Debug|Any CPU
		{073B58D8-CD8E-48AA-B4AB-B1F6CB64C3A4}.Debug|Any CPU.Build.0 = Debug|Any CPU
		{073B58D8-CD8E-48AA-B4AB-B1F6CB64C3A4}.Release|Any CPU.ActiveCfg = Release|Any CPU
		{073B58D8-CD8E-48AA-B4AB-B1F6CB64C3A4}.Release|Any CPU.Build.0 = Release|Any CPU
		{C5B72E9B-2EFB-4C7C-BD3B-C16832DEBC99}.Debug|Any CPU.ActiveCfg = Debug|Any CPU
		{C5B72E9B-2EFB-4C7C-BD3B-C16832DEBC99}.Debug|Any CPU.Build.0 = Debug|Any CPU
		{C5B72E9B-2EFB-4C7C-BD3B-C16832DEBC99}.Release|Any CPU.ActiveCfg = Release|Any CPU
		{C5B72E9B-2EFB-4C7C-BD3B-C16832DEBC99}.Release|Any CPU.Build.0 = Release|Any CPU
		{7E512723-EDAD-47A4-8352-E60B7EA71CD5}.Debug|Any CPU.ActiveCfg = Debug|Any CPU
		{7E512723-EDAD-47A4-8352-E60B7EA71CD5}.Debug|Any CPU.Build.0 = Debug|Any CPU
		{7E512723-EDAD-47A4-8352-E60B7EA71CD5}.Release|Any CPU.ActiveCfg = Release|Any CPU
		{7E512723-EDAD-47A4-8352-E60B7EA71CD5}.Release|Any CPU.Build.0 = Release|Any CPU
	EndGlobalSection
	GlobalSection(SolutionProperties) = preSolution
		HideSolutionNode = FALSE
	EndGlobalSection
	GlobalSection(NestedProjects) = preSolution
		{2D1F6815-744F-45C1-8568-4917474EA436} = {B77C2709-C32E-4FB7-82F2-08FD46B82880}
		{ADC2FC94-3062-403A-8C12-E015D5040E3C} = {D8E16B06-7871-4A8F-9EAE-45EC449E4BEB}
		{073B58D8-CD8E-48AA-B4AB-B1F6CB64C3A4} = {644A3B1A-23A8-4781-ADEC-5613A22B6846}
		{C5B72E9B-2EFB-4C7C-BD3B-C16832DEBC99} = {1D2465B6-E576-4C2E-ABB2-2D6D6A537593}
		{7E512723-EDAD-47A4-8352-E60B7EA71CD5} = {CEA1519E-D224-4277-9A78-3696B4466914}
	EndGlobalSection
	GlobalSection(ExtensibilityGlobals) = postSolution
		SolutionGuid = {DD17EFAF-6E09-430C-A924-CEFF62A3EE99}
	EndGlobalSection
EndGlobal
